
Microsoft Visual Studio Solution File, Format Version 12.00
# Visual Studio Version 17
VisualStudioVersion = 17.4.33103.184
MinimumVisualStudioVersion = 10.0.40219.1
Project("{CC5FD16D-436D-48AD-A40C-5A424C6E3E79}") = "PaaSDev.L200.CSES.2", "PaaSDev.L200.CSES.2.ccproj", "{7AC6A8F7-72DC-4349-8034-FA005FEC627E}"
EndProject
Project("{FAE04EC0-301F-11D3-BF4B-00C04F79EFBC}") = "WebRole1", "WebRole1\WebRole1.csproj", "{D8920085-985B-4C1D-9A95-F2164CD59B22}"
EndProject
Global
	GlobalSection(SolutionConfigurationPlatforms) = preSolution
		Debug|Any CPU = Debug|Any CPU
		Release|Any CPU = Release|Any CPU
	EndGlobalSection
	GlobalSection(ProjectConfigurationPlatforms) = postSolution
		{7AC6A8F7-72DC-4349-8034-FA005FEC627E}.Debug|Any CPU.ActiveCfg = Debug|Any CPU
		{7AC6A8F7-72DC-4349-8034-FA005FEC627E}.Debug|Any CPU.Build.0 = Debug|Any CPU
		{7AC6A8F7-72DC-4349-8034-FA005FEC627E}.Release|Any CPU.ActiveCfg = Release|Any CPU
		{7AC6A8F7-72DC-4349-8034-FA005FEC627E}.Release|Any CPU.Build.0 = Release|Any CPU
		{D8920085-985B-4C1D-9A95-F2164CD59B22}.Debug|Any CPU.ActiveCfg = Debug|Any CPU
		{D8920085-985B-4C1D-9A95-F2164CD59B22}.Debug|Any CPU.Build.0 = Debug|Any CPU
		{D8920085-985B-4C1D-9A95-F2164CD59B22}.Release|Any CPU.ActiveCfg = Release|Any CPU
		{D8920085-985B-4C1D-9A95-F2164CD59B22}.Release|Any CPU.Build.0 = Release|Any CPU
	EndGlobalSection
	GlobalSection(SolutionProperties) = preSolution
		HideSolutionNode = FALSE
	EndGlobalSection
	GlobalSection(ExtensibilityGlobals) = postSolution
		SolutionGuid = {18905779-061D-4D4F-B872-3A10595C4342}
	EndGlobalSection
EndGlobal
